Microsoft Visual Studio Solution File, Format Version 12.00
# Visual Studio Version 18
VisualStudioVersion = 18.8.12023.21
MinimumVisualStudioVersion = 10.0.40219.1
Project("{FAE04EC0-301F-11D3-BF4B-00C04F79EFBC}") = "CSharp.Ch01.HelloWorld", "CSharp.Ch01.HelloWorld\CSharp.Ch01.HelloWorld.csproj", "{46F74AD2-322F-4035-8810-2A3D3A4C37FE}"
EndProject
Project("{FAE04EC0-301F-11D3-BF4B-00C04F79EFBC}") = "CSharp.SharedLibrary", "CSharp.SharedLibrary\CSharp.SharedLibrary.csproj", "{8B3F2C15-4D6A-4E29-9C71-3A5F8D2E6B41}"
EndProject
Project("{FAE04EC0-301F-11D3-BF4B-00C04F79EFBC}") = "CSharp.SharedLibrary.Tests", "CSharp.SharedLibrary.Tests\CSharp.SharedLibrary.Tests.csproj", "{C4A9E7D2-1F58-4B36-8E4A-6D2C9F3B7A85}"
EndProject
Project("{FAE04EC0-301F-11D3-BF4B-00C04F79EFBC}") = "LessonRunner", "LessonRunner\LessonRunner.csproj", "{9F2E7C31-4B85-4A6D-9E12-3D7F8A6C5B41}"
EndProject
Project("{FAE04EC0-301F-11D3-BF4B-00C04F79EFBC}") = "CSharp.Ch02.BasicProgramStructure", "CSharp.Ch02.BasicProgramStructure\CSharp.Ch02.BasicProgramStructure.csproj", "{344F4CD5-5C0A-435F-997F-43839CE3CB1F}"
EndProject
Project("{FAE04EC0-301F-11D3-BF4B-00C04F79EFBC}") = "CSharp.Ch02.TextbookCode.LotteryProgram", "CSharp.Ch02.TextbookCode.LotteryProgram\CSharp.Ch02.TextbookCode.LotteryProgram.csproj", "{4A5C3E66-4980-4079-843A-EC4B24F6440D}"
EndProject
Project("{FAE04EC0-301F-11D3-BF4B-00C04F79EFBC}") = "CSharp.Ch02.TextbookCode.AverageGrades", "CSharp.Ch02.TextbookCode.AverageGrades\CSharp.Ch02.TextbookCode.AverageGrades.csproj", "{89F49A63-9DAF-46B4-B0CB-67AB04C5489C}"
EndProject
Project("{FAE04EC0-301F-11D3-BF4B-00C04F79EFBC}") = "CSharp.Ch02.TextbookCode.UsingIfStatements", "CSharp.Ch02.TextbookCode.UsingIfStatements\CSharp.Ch02.TextbookCode.UsingIfStatements.csproj", "{6BAA8812-2EF1-41B7-88B1-6062020A6838}"
EndProject
Project("{FAE04EC0-301F-11D3-BF4B-00C04F79EFBC}") = "CSharp.Ch02.TextbookCode.WorkingWithForLoops", "CSharp.Ch02.TextbookCode.WorkingWithForLoops\CSharp.Ch02.TextbookCode.WorkingWithForLoops.csproj", "{1C92FBE6-FA3D-4B91-8AC6-4FD4E85153F1}"
EndProject
Project("{FAE04EC0-301F-11D3-BF4B-00C04F79EFBC}") = "CSharp.Ch03.WorkingWithTheTypeSystem", "CSharp.Ch03.WorkingWithTheTypeSystem\CSharp.Ch03.WorkingWithTheTypeSystem.csproj", "{B583A20C-9187-4EE4-A011-59C2D7AA9388}"
EndProject
Project("{FAE04EC0-301F-11D3-BF4B-00C04F79EFBC}") = "CSharp.Ch03.TextbookCode.ValueTypeAlias", "CSharp.Ch03.TextbookCode.ValueTypeAlias\CSharp.Ch03.TextbookCode.ValueTypeAlias.csproj", "{E3F0CC1A-23BD-48A1-A0FA-DF9885BDCA01}"
EndProject
Project("{FAE04EC0-301F-11D3-BF4B-00C04F79EFBC}") = "CSharp.Ch03.TextbookCode.UsingValueTypes", "CSharp.Ch03.TextbookCode.UsingValueTypes\CSharp.Ch03.TextbookCode.UsingValueTypes.csproj", "{50F48A85-C7C1-49F6-A125-490842D57E61}"
EndProject
Project("{FAE04EC0-301F-11D3-BF4B-00C04F79EFBC}") = "CSharp.Ch03.TextbookCode.StudentClass", "CSharp.Ch03.TextbookCode.StudentClass\CSharp.Ch03.TextbookCode.StudentClass.csproj", "{EC6B3A19-5C53-4E01-866F-CA068A5475FE}"
EndProject
Project("{FAE04EC0-301F-11D3-BF4B-00C04F79EFBC}") = "CSharp.Ch03.TextbookCode.StudentClassWithMethods", "CSharp.Ch03.TextbookCode.StudentClassWithMethods\CSharp.Ch03.TextbookCode.StudentClassWithMethods.csproj", "{788013A2-7F0E-4DB4-A634-E024BAD3C882}"
EndProject
Project("{FAE04EC0-301F-11D3-BF4B-00C04F79EFBC}") = "CSharp.Ch03.TextbookCode.ValueTypePassing", "CSharp.Ch03.TextbookCode.ValueTypePassing\CSharp.Ch03.TextbookCode.ValueTypePassing.csproj", "{6E474F85-CBFF-4BDE-A1F0-EF014052C932}"
EndProject
Project("{FAE04EC0-301F-11D3-BF4B-00C04F79EFBC}") = "CSharp.Ch03.TextbookCode.UsingEnums", "CSharp.Ch03.TextbookCode.UsingEnums\CSharp.Ch03.TextbookCode.UsingEnums.csproj", "{A3A658C5-3996-4201-A50C-EE08E3DF0D3B}"
EndProject
Project("{FAE04EC0-301F-11D3-BF4B-00C04F79EFBC}") = "CSharp.Ch03.TextbookCode.UsingProperties", "CSharp.Ch03.TextbookCode.UsingProperties\CSharp.Ch03.TextbookCode.UsingProperties.csproj", "{7D3C1D3E-737E-4C50-B5F7-CEA315A80920}"
EndProject
Project("{FAE04EC0-301F-11D3-BF4B-00C04F79EFBC}") = "CSharp.Ch03.TextbookCode.AccessingProperties", "CSharp.Ch03.TextbookCode.AccessingProperties\CSharp.Ch03.TextbookCode.AccessingProperties.csproj", "{E3F11B0D-9D97-4FA0-9CD2-258D8E48B187}"
EndProject
Project("{FAE04EC0-301F-11D3-BF4B-00C04F79EFBC}") = "CSharp.Ch03.TextbookCode.OverloadingConstructors", "CSharp.Ch03.TextbookCode.OverloadingConstructors\CSharp.Ch03.TextbookCode.OverloadingConstructors.csproj", "{D28CF76A-BF1A-45F9-A090-78D7644B57CB}"
EndProject
Project("{FAE04EC0-301F-11D3-BF4B-00C04F79EFBC}") = "CSharp.Ch04.UsingTypes", "CSharp.Ch04.UsingTypes\CSharp.Ch04.UsingTypes.csproj", "{2A9B3D4E-5C6F-4718-8291-3B4C5D6E7F80}"
EndProject
Project("{FAE04EC0-301F-11D3-BF4B-00C04F79EFBC}") = "CSharp.Ch04.TextbookCode.CastingArrays", "CSharp.Ch04.TextbookCode.CastingArrays\CSharp.Ch04.TextbookCode.CastingArrays.csproj", "{B1E4A6F3-3C9D-4A2B-8E1F-7D6A5B4C3E2F}"
EndProject
Project("{FAE04EC0-301F-11D3-BF4B-00C04F79EFBC}") = "CSharp.Ch04.TextbookCode.Ch04RealWorldScenario01", "CSharp.Ch04.TextbookCode.Ch04RealWorldScenario01\CSharp.Ch04.TextbookCode.Ch04RealWorldScenario01.csproj", "{2D3E4F5A-6B7C-4D8E-9F0A-1B2C3D4E5F6A}"
EndProject
Project("{FAE04EC0-301F-11D3-BF4B-00C04F79EFBC}") = "CSharp.Ch04.TextbookCode.Ch04RealWorldScenario02", "CSharp.Ch04.TextbookCode.Ch04RealWorldScenario02\CSharp.Ch04.TextbookCode.Ch04RealWorldScenario02.csproj", "{3E4F5A6B-7C8D-4E9F-A0B1-2C3D4E5F6A7B}"
EndProject
Project("{FAE04EC0-301F-11D3-BF4B-00C04F79EFBC}") = "CSharp.Ch04.TextbookCode.Ch04RealWorldScenario03", "CSharp.Ch04.TextbookCode.Ch04RealWorldScenario03\CSharp.Ch04.TextbookCode.Ch04RealWorldScenario03.csproj", "{4F5A6B7C-8D9E-4F0A-B1C2-3D4E5F6A7B8C}"
EndProject
Project("{FAE04EC0-301F-11D3-BF4B-00C04F79EFBC}") = "CSharp.Ch04.TextbookCode.Ch04RealWorldScenario04", "CSharp.Ch04.TextbookCode.Ch04RealWorldScenario04\CSharp.Ch04.TextbookCode.Ch04RealWorldScenario04.csproj", "{5A6B7C8D-9EAF-4B1C-A2D3-4E5F6A7B8C9D}"
EndProject
Project("{FAE04EC0-301F-11D3-BF4B-00C04F79EFBC}") = "CSharp.Ch04.TextbookCode.CloneArray", "CSharp.Ch04.TextbookCode.CloneArray\CSharp.Ch04.TextbookCode.CloneArray.csproj", "{6B7C8D9E-AF01-4C2D-B3E4-5F6A7B8C9D0E}"
EndProject
Project("{FAE04EC0-301F-11D3-BF4B-00C04F79EFBC}") = "CSharp.Ch04.TextbookCode.ExcelInterop", "CSharp.Ch04.TextbookCode.ExcelInterop\CSharp.Ch04.TextbookCode.ExcelInterop.csproj", "{7C8D9EAF-0122-4D3E-C4F5-6A7B8C9D0E1F}"
EndProject
Project("{FAE04EC0-301F-11D3-BF4B-00C04F79EFBC}") = "CSharp.Ch04.TextbookCode.Permutations", "CSharp.Ch04.TextbookCode.Permutations\CSharp.Ch04.TextbookCode.Permutations.csproj", "{8D9EAF01-2233-4E4F-D5A6-7B8C9D0E1F2A}"
EndProject
Project("{FAE04EC0-301F-11D3-BF4B-00C04F79EFBC}") = "CSharp.Ch04.TextbookCode.ShortPathNames", "CSharp.Ch04.TextbookCode.ShortPathNames\CSharp.Ch04.TextbookCode.ShortPathNames.csproj", "{9EAF0122-3344-4F5A-E6B7-8C9D0E1F2A3B}"
EndProject
Project("{FAE04EC0-301F-11D3-BF4B-00C04F79EFBC}") = "CSharp.Ch05.ImplementingClassHierarchies", "CSharp.Ch05.ImplementingClassHierarchies\CSharp.Ch05.ImplementingClassHierarchies.csproj", "{A0B1C2D3-4455-4667-B899-9C0D1E2F3A4B}"
EndProject
Project("{2150E333-8FDC-42A3-9474-1A3956D46DE8}") = "Solution Items", "Solution Items", "{66F3864E-A1F9-4E5B-8EA5-37DC649AAE9C}"
	ProjectSection(SolutionItems) = preProject
		.gitignore = .gitignore
		Directory.Build.props = Directory.Build.props
		LICENSE = LICENSE
		README.md = README.md
		DataBank.DeveloperTraining.CI.slnf = DataBank.DeveloperTraining.CI.slnf
	EndProjectSection
EndProject
Project("{2150E333-8FDC-42A3-9474-1A3956D46DE8}") = "CSharpTraining", "CSharpTraining", "{FB712579-5A95-4F3D-841C-2CB869F3E3D5}"
EndProject
Project("{2150E333-8FDC-42A3-9474-1A3956D46DE8}") = "Chapter01", "Chapter01", "{E0506004-48ED-4C24-839D-311486D4A66A}"
EndProject
Project("{2150E333-8FDC-42A3-9474-1A3956D46DE8}") = "Chapter02", "Chapter02", "{555F40B2-7EF7-4076-9C42-1707DE5A932D}"
EndProject
Project("{2150E333-8FDC-42A3-9474-1A3956D46DE8}") = "SharedCode", "SharedCode", "{FBE2C05E-7AA1-4E4F-9115-C77D774A090E}"
EndProject
Project("{2150E333-8FDC-42A3-9474-1A3956D46DE8}") = "Chapter03", "Chapter03", "{F37FB404-A386-47C3-A050-838A4A83BD06}"
EndProject
Project("{2150E333-8FDC-42A3-9474-1A3956D46DE8}") = "Chapter04", "Chapter04", "{6C1D2E3F-4A5B-4C6D-9E7F-8A9B0C1D2E3F}"
EndProject
Project("{2150E333-8FDC-42A3-9474-1A3956D46DE8}") = "Chapter05", "Chapter05", "{B1C2D3E4-5566-4778-C9AA-0D1E2F3A4B5C}"
EndProject
Global
	GlobalSection(SolutionConfigurationPlatforms) = preSolution
		Debug|Any CPU = Debug|Any CPU
		Release|Any CPU = Release|Any CPU
	EndGlobalSection
	GlobalSection(ProjectConfigurationPlatforms) = postSolution
		{46F74AD2-322F-4035-8810-2A3D3A4C37FE}.Debug|Any CPU.ActiveCfg = Debug|Any CPU
		{46F74AD2-322F-4035-8810-2A3D3A4C37FE}.Debug|Any CPU.Build.0 = Debug|Any CPU
		{46F74AD2-322F-4035-8810-2A3D3A4C37FE}.Release|Any CPU.ActiveCfg = Release|Any CPU
		{46F74AD2-322F-4035-8810-2A3D3A4C37FE}.Release|Any CPU.Build.0 = Release|Any CPU
		{8B3F2C15-4D6A-4E29-9C71-3A5F8D2E6B41}.Debug|Any CPU.ActiveCfg = Debug|Any CPU
		{8B3F2C15-4D6A-4E29-9C71-3A5F8D2E6B41}.Debug|Any CPU.Build.0 = Debug|Any CPU
		{8B3F2C15-4D6A-4E29-9C71-3A5F8D2E6B41}.Release|Any CPU.ActiveCfg = Release|Any CPU
		{8B3F2C15-4D6A-4E29-9C71-3A5F8D2E6B41}.Release|Any CPU.Build.0 = Release|Any CPU
		{C4A9E7D2-1F58-4B36-8E4A-6D2C9F3B7A85}.Debug|Any CPU.ActiveCfg = Debug|Any CPU
		{C4A9E7D2-1F58-4B36-8E4A-6D2C9F3B7A85}.Debug|Any CPU.Build.0 = Debug|Any CPU
		{C4A9E7D2-1F58-4B36-8E4A-6D2C9F3B7A85}.Release|Any CPU.ActiveCfg = Release|Any CPU
		{C4A9E7D2-1F58-4B36-8E4A-6D2C9F3B7A85}.Release|Any CPU.Build.0 = Release|Any CPU
		{9F2E7C31-4B85-4A6D-9E12-3D7F8A6C5B41}.Debug|Any CPU.ActiveCfg = Debug|Any CPU
		{9F2E7C31-4B85-4A6D-9E12-3D7F8A6C5B41}.Debug|Any CPU.Build.0 = Debug|Any CPU
		{9F2E7C31-4B85-4A6D-9E12-3D7F8A6C5B41}.Release|Any CPU.ActiveCfg = Release|Any CPU
		{9F2E7C31-4B85-4A6D-9E12-3D7F8A6C5B41}.Release|Any CPU.Build.0 = Release|Any CPU
		{344F4CD5-5C0A-435F-997F-43839CE3CB1F}.Debug|Any CPU.ActiveCfg = Debug|Any CPU
		{344F4CD5-5C0A-435F-997F-43839CE3CB1F}.Debug|Any CPU.Build.0 = Debug|Any CPU
		{344F4CD5-5C0A-435F-997F-43839CE3CB1F}.Release|Any CPU.ActiveCfg = Release|Any CPU
		{344F4CD5-5C0A-435F-997F-43839CE3CB1F}.Release|Any CPU.Build.0 = Release|Any CPU
		{4A5C3E66-4980-4079-843A-EC4B24F6440D}.Debug|Any CPU.ActiveCfg = Debug|Any CPU
		{4A5C3E66-4980-4079-843A-EC4B24F6440D}.Debug|Any CPU.Build.0 = Debug|Any CPU
		{4A5C3E66-4980-4079-843A-EC4B24F6440D}.Release|Any CPU.ActiveCfg = Release|Any CPU
		{4A5C3E66-4980-4079-843A-EC4B24F6440D}.Release|Any CPU.Build.0 = Release|Any CPU
		{89F49A63-9DAF-46B4-B0CB-67AB04C5489C}.Debug|Any CPU.ActiveCfg = Debug|Any CPU
		{89F49A63-9DAF-46B4-B0CB-67AB04C5489C}.Debug|Any CPU.Build.0 = Debug|Any CPU
		{89F49A63-9DAF-46B4-B0CB-67AB04C5489C}.Release|Any CPU.ActiveCfg = Release|Any CPU
		{89F49A63-9DAF-46B4-B0CB-67AB04C5489C}.Release|Any CPU.Build.0 = Release|Any CPU
		{6BAA8812-2EF1-41B7-88B1-6062020A6838}.Debug|Any CPU.ActiveCfg = Debug|Any CPU
		{6BAA8812-2EF1-41B7-88B1-6062020A6838}.Debug|Any CPU.Build.0 = Debug|Any CPU
		{6BAA8812-2EF1-41B7-88B1-6062020A6838}.Release|Any CPU.ActiveCfg = Release|Any CPU
		{6BAA8812-2EF1-41B7-88B1-6062020A6838}.Release|Any CPU.Build.0 = Release|Any CPU
		{1C92FBE6-FA3D-4B91-8AC6-4FD4E85153F1}.Debug|Any CPU.ActiveCfg = Debug|Any CPU
		{1C92FBE6-FA3D-4B91-8AC6-4FD4E85153F1}.Debug|Any CPU.Build.0 = Debug|Any CPU
		{1C92FBE6-FA3D-4B91-8AC6-4FD4E85153F1}.Release|Any CPU.ActiveCfg = Release|Any CPU
		{1C92FBE6-FA3D-4B91-8AC6-4FD4E85153F1}.Release|Any CPU.Build.0 = Release|Any CPU
		{B583A20C-9187-4EE4-A011-59C2D7AA9388}.Debug|Any CPU.ActiveCfg = Debug|Any CPU
		{B583A20C-9187-4EE4-A011-59C2D7AA9388}.Debug|Any CPU.Build.0 = Debug|Any CPU
		{B583A20C-9187-4EE4-A011-59C2D7AA9388}.Release|Any CPU.ActiveCfg = Release|Any CPU
		{B583A20C-9187-4EE4-A011-59C2D7AA9388}.Release|Any CPU.Build.0 = Release|Any CPU
		{E3F0CC1A-23BD-48A1-A0FA-DF9885BDCA01}.Debug|Any CPU.ActiveCfg = Debug|Any CPU
		{E3F0CC1A-23BD-48A1-A0FA-DF9885BDCA01}.Debug|Any CPU.Build.0 = Debug|Any CPU
		{E3F0CC1A-23BD-48A1-A0FA-DF9885BDCA01}.Release|Any CPU.ActiveCfg = Release|Any CPU
		{E3F0CC1A-23BD-48A1-A0FA-DF9885BDCA01}.Release|Any CPU.Build.0 = Release|Any CPU
		{50F48A85-C7C1-49F6-A125-490842D57E61}.Debug|Any CPU.ActiveCfg = Debug|Any CPU
		{50F48A85-C7C1-49F6-A125-490842D57E61}.Debug|Any CPU.Build.0 = Debug|Any CPU
		{50F48A85-C7C1-49F6-A125-490842D57E61}.Release|Any CPU.ActiveCfg = Release|Any CPU
		{50F48A85-C7C1-49F6-A125-490842D57E61}.Release|Any CPU.Build.0 = Release|Any CPU
		{EC6B3A19-5C53-4E01-866F-CA068A5475FE}.Debug|Any CPU.ActiveCfg = Debug|Any CPU
		{EC6B3A19-5C53-4E01-866F-CA068A5475FE}.Debug|Any CPU.Build.0 = Debug|Any CPU
		{EC6B3A19-5C53-4E01-866F-CA068A5475FE}.Release|Any CPU.ActiveCfg = Release|Any CPU
		{EC6B3A19-5C53-4E01-866F-CA068A5475FE}.Release|Any CPU.Build.0 = Release|Any CPU
		{788013A2-7F0E-4DB4-A634-E024BAD3C882}.Debug|Any CPU.ActiveCfg = Debug|Any CPU
		{788013A2-7F0E-4DB4-A634-E024BAD3C882}.Debug|Any CPU.Build.0 = Debug|Any CPU
		{788013A2-7F0E-4DB4-A634-E024BAD3C882}.Release|Any CPU.ActiveCfg = Release|Any CPU
		{788013A2-7F0E-4DB4-A634-E024BAD3C882}.Release|Any CPU.Build.0 = Release|Any CPU
		{6E474F85-CBFF-4BDE-A1F0-EF014052C932}.Debug|Any CPU.ActiveCfg = Debug|Any CPU
		{6E474F85-CBFF-4BDE-A1F0-EF014052C932}.Debug|Any CPU.Build.0 = Debug|Any CPU
		{6E474F85-CBFF-4BDE-A1F0-EF014052C932}.Release|Any CPU.ActiveCfg = Release|Any CPU
		{6E474F85-CBFF-4BDE-A1F0-EF014052C932}.Release|Any CPU.Build.0 = Release|Any CPU
		{A3A658C5-3996-4201-A50C-EE08E3DF0D3B}.Debug|Any CPU.ActiveCfg = Debug|Any CPU
		{A3A658C5-3996-4201-A50C-EE08E3DF0D3B}.Debug|Any CPU.Build.0 = Debug|Any CPU
		{A3A658C5-3996-4201-A50C-EE08E3DF0D3B}.Release|Any CPU.ActiveCfg = Release|Any CPU
		{A3A658C5-3996-4201-A50C-EE08E3DF0D3B}.Release|Any CPU.Build.0 = Release|Any CPU
		{7D3C1D3E-737E-4C50-B5F7-CEA315A80920}.Debug|Any CPU.ActiveCfg = Debug|Any CPU
		{7D3C1D3E-737E-4C50-B5F7-CEA315A80920}.Debug|Any CPU.Build.0 = Debug|Any CPU
		{7D3C1D3E-737E-4C50-B5F7-CEA315A80920}.Release|Any CPU.ActiveCfg = Release|Any CPU
		{7D3C1D3E-737E-4C50-B5F7-CEA315A80920}.Release|Any CPU.Build.0 = Release|Any CPU
		{E3F11B0D-9D97-4FA0-9CD2-258D8E48B187}.Debug|Any CPU.ActiveCfg = Debug|Any CPU
		{E3F11B0D-9D97-4FA0-9CD2-258D8E48B187}.Debug|Any CPU.Build.0 = Debug|Any CPU
		{E3F11B0D-9D97-4FA0-9CD2-258D8E48B187}.Release|Any CPU.ActiveCfg = Release|Any CPU
		{E3F11B0D-9D97-4FA0-9CD2-258D8E48B187}.Release|Any CPU.Build.0 = Release|Any CPU
		{D28CF76A-BF1A-45F9-A090-78D7644B57CB}.Debug|Any CPU.ActiveCfg = Debug|Any CPU
		{D28CF76A-BF1A-45F9-A090-78D7644B57CB}.Debug|Any CPU.Build.0 = Debug|Any CPU
		{D28CF76A-BF1A-45F9-A090-78D7644B57CB}.Release|Any CPU.ActiveCfg = Release|Any CPU
		{D28CF76A-BF1A-45F9-A090-78D7644B57CB}.Release|Any CPU.Build.0 = Release|Any CPU
		{2A9B3D4E-5C6F-4718-8291-3B4C5D6E7F80}.Debug|Any CPU.ActiveCfg = Debug|Any CPU
		{2A9B3D4E-5C6F-4718-8291-3B4C5D6E7F80}.Debug|Any CPU.Build.0 = Debug|Any CPU
		{2A9B3D4E-5C6F-4718-8291-3B4C5D6E7F80}.Release|Any CPU.ActiveCfg = Release|Any CPU
		{2A9B3D4E-5C6F-4718-8291-3B4C5D6E7F80}.Release|Any CPU.Build.0 = Release|Any CPU
		{B1E4A6F3-3C9D-4A2B-8E1F-7D6A5B4C3E2F}.Debug|Any CPU.ActiveCfg = Debug|Any CPU
		{B1E4A6F3-3C9D-4A2B-8E1F-7D6A5B4C3E2F}.Debug|Any CPU.Build.0 = Debug|Any CPU
		{B1E4A6F3-3C9D-4A2B-8E1F-7D6A5B4C3E2F}.Release|Any CPU.ActiveCfg = Release|Any CPU
		{B1E4A6F3-3C9D-4A2B-8E1F-7D6A5B4C3E2F}.Release|Any CPU.Build.0 = Release|Any CPU
		{2D3E4F5A-6B7C-4D8E-9F0A-1B2C3D4E5F6A}.Debug|Any CPU.ActiveCfg = Debug|Any CPU
		{2D3E4F5A-6B7C-4D8E-9F0A-1B2C3D4E5F6A}.Debug|Any CPU.Build.0 = Debug|Any CPU
		{2D3E4F5A-6B7C-4D8E-9F0A-1B2C3D4E5F6A}.Release|Any CPU.ActiveCfg = Release|Any CPU
		{2D3E4F5A-6B7C-4D8E-9F0A-1B2C3D4E5F6A}.Release|Any CPU.Build.0 = Release|Any CPU
		{3E4F5A6B-7C8D-4E9F-A0B1-2C3D4E5F6A7B}.Debug|Any CPU.ActiveCfg = Debug|Any CPU
		{3E4F5A6B-7C8D-4E9F-A0B1-2C3D4E5F6A7B}.Debug|Any CPU.Build.0 = Debug|Any CPU
		{3E4F5A6B-7C8D-4E9F-A0B1-2C3D4E5F6A7B}.Release|Any CPU.ActiveCfg = Release|Any CPU
		{3E4F5A6B-7C8D-4E9F-A0B1-2C3D4E5F6A7B}.Release|Any CPU.Build.0 = Release|Any CPU
		{4F5A6B7C-8D9E-4F0A-B1C2-3D4E5F6A7B8C}.Debug|Any CPU.ActiveCfg = Debug|Any CPU
		{4F5A6B7C-8D9E-4F0A-B1C2-3D4E5F6A7B8C}.Debug|Any CPU.Build.0 = Debug|Any CPU
		{4F5A6B7C-8D9E-4F0A-B1C2-3D4E5F6A7B8C}.Release|Any CPU.ActiveCfg = Release|Any CPU
		{4F5A6B7C-8D9E-4F0A-B1C2-3D4E5F6A7B8C}.Release|Any CPU.Build.0 = Release|Any CPU
		{5A6B7C8D-9EAF-4B1C-A2D3-4E5F6A7B8C9D}.Debug|Any CPU.ActiveCfg = Debug|Any CPU
		{5A6B7C8D-9EAF-4B1C-A2D3-4E5F6A7B8C9D}.Debug|Any CPU.Build.0 = Debug|Any CPU
		{5A6B7C8D-9EAF-4B1C-A2D3-4E5F6A7B8C9D}.Release|Any CPU.ActiveCfg = Release|Any CPU
		{5A6B7C8D-9EAF-4B1C-A2D3-4E5F6A7B8C9D}.Release|Any CPU.Build.0 = Release|Any CPU
		{6B7C8D9E-AF01-4C2D-B3E4-5F6A7B8C9D0E}.Debug|Any CPU.ActiveCfg = Debug|Any CPU
		{6B7C8D9E-AF01-4C2D-B3E4-5F6A7B8C9D0E}.Debug|Any CPU.Build.0 = Debug|Any CPU
		{6B7C8D9E-AF01-4C2D-B3E4-5F6A7B8C9D0E}.Release|Any CPU.ActiveCfg = Release|Any CPU
		{6B7C8D9E-AF01-4C2D-B3E4-5F6A7B8C9D0E}.Release|Any CPU.Build.0 = Release|Any CPU
		{7C8D9EAF-0122-4D3E-C4F5-6A7B8C9D0E1F}.Debug|Any CPU.ActiveCfg = Debug|Any CPU
		{7C8D9EAF-0122-4D3E-C4F5-6A7B8C9D0E1F}.Debug|Any CPU.Build.0 = Debug|Any CPU
		{7C8D9EAF-0122-4D3E-C4F5-6A7B8C9D0E1F}.Release|Any CPU.ActiveCfg = Release|Any CPU
		{7C8D9EAF-0122-4D3E-C4F5-6A7B8C9D0E1F}.Release|Any CPU.Build.0 = Release|Any CPU
		{8D9EAF01-2233-4E4F-D5A6-7B8C9D0E1F2A}.Debug|Any CPU.ActiveCfg = Debug|Any CPU
		{8D9EAF01-2233-4E4F-D5A6-7B8C9D0E1F2A}.Debug|Any CPU.Build.0 = Debug|Any CPU
		{8D9EAF01-2233-4E4F-D5A6-7B8C9D0E1F2A}.Release|Any CPU.ActiveCfg = Release|Any CPU
		{8D9EAF01-2233-4E4F-D5A6-7B8C9D0E1F2A}.Release|Any CPU.Build.0 = Release|Any CPU
		{9EAF0122-3344-4F5A-E6B7-8C9D0E1F2A3B}.Debug|Any CPU.ActiveCfg = Debug|Any CPU
		{9EAF0122-3344-4F5A-E6B7-8C9D0E1F2A3B}.Debug|Any CPU.Build.0 = Debug|Any CPU
		{9EAF0122-3344-4F5A-E6B7-8C9D0E1F2A3B}.Release|Any CPU.ActiveCfg = Release|Any CPU
		{9EAF0122-3344-4F5A-E6B7-8C9D0E1F2A3B}.Release|Any CPU.Build.0 = Release|Any CPU
		{A0B1C2D3-4455-4667-B899-9C0D1E2F3A4B}.Debug|Any CPU.ActiveCfg = Debug|Any CPU
		{A0B1C2D3-4455-4667-B899-9C0D1E2F3A4B}.Debug|Any CPU.Build.0 = Debug|Any CPU
		{A0B1C2D3-4455-4667-B899-9C0D1E2F3A4B}.Release|Any CPU.ActiveCfg = Release|Any CPU
		{A0B1C2D3-4455-4667-B899-9C0D1E2F3A4B}.Release|Any CPU.Build.0 = Release|Any CPU
	EndGlobalSection
	GlobalSection(SolutionProperties) = preSolution
		HideSolutionNode = FALSE
	EndGlobalSection
	GlobalSection(NestedProjects) = preSolution
		{46F74AD2-322F-4035-8810-2A3D3A4C37FE} = {E0506004-48ED-4C24-839D-311486D4A66A}
		{8B3F2C15-4D6A-4E29-9C71-3A5F8D2E6B41} = {FBE2C05E-7AA1-4E4F-9115-C77D774A090E}
		{C4A9E7D2-1F58-4B36-8E4A-6D2C9F3B7A85} = {FBE2C05E-7AA1-4E4F-9115-C77D774A090E}
		{9F2E7C31-4B85-4A6D-9E12-3D7F8A6C5B41} = {FBE2C05E-7AA1-4E4F-9115-C77D774A090E}
		{344F4CD5-5C0A-435F-997F-43839CE3CB1F} = {555F40B2-7EF7-4076-9C42-1707DE5A932D}
		{4A5C3E66-4980-4079-843A-EC4B24F6440D} = {555F40B2-7EF7-4076-9C42-1707DE5A932D}
		{89F49A63-9DAF-46B4-B0CB-67AB04C5489C} = {555F40B2-7EF7-4076-9C42-1707DE5A932D}
		{6BAA8812-2EF1-41B7-88B1-6062020A6838} = {555F40B2-7EF7-4076-9C42-1707DE5A932D}
		{1C92FBE6-FA3D-4B91-8AC6-4FD4E85153F1} = {555F40B2-7EF7-4076-9C42-1707DE5A932D}
		{B583A20C-9187-4EE4-A011-59C2D7AA9388} = {F37FB404-A386-47C3-A050-838A4A83BD06}
		{E3F0CC1A-23BD-48A1-A0FA-DF9885BDCA01} = {F37FB404-A386-47C3-A050-838A4A83BD06}
		{50F48A85-C7C1-49F6-A125-490842D57E61} = {F37FB404-A386-47C3-A050-838A4A83BD06}
		{EC6B3A19-5C53-4E01-866F-CA068A5475FE} = {F37FB404-A386-47C3-A050-838A4A83BD06}
		{788013A2-7F0E-4DB4-A634-E024BAD3C882} = {F37FB404-A386-47C3-A050-838A4A83BD06}
		{6E474F85-CBFF-4BDE-A1F0-EF014052C932} = {F37FB404-A386-47C3-A050-838A4A83BD06}
		{A3A658C5-3996-4201-A50C-EE08E3DF0D3B} = {F37FB404-A386-47C3-A050-838A4A83BD06}
		{7D3C1D3E-737E-4C50-B5F7-CEA315A80920} = {F37FB404-A386-47C3-A050-838A4A83BD06}
		{E3F11B0D-9D97-4FA0-9CD2-258D8E48B187} = {F37FB404-A386-47C3-A050-838A4A83BD06}
		{D28CF76A-BF1A-45F9-A090-78D7644B57CB} = {F37FB404-A386-47C3-A050-838A4A83BD06}
		{2A9B3D4E-5C6F-4718-8291-3B4C5D6E7F80} = {6C1D2E3F-4A5B-4C6D-9E7F-8A9B0C1D2E3F}
		{B1E4A6F3-3C9D-4A2B-8E1F-7D6A5B4C3E2F} = {6C1D2E3F-4A5B-4C6D-9E7F-8A9B0C1D2E3F}
		{2D3E4F5A-6B7C-4D8E-9F0A-1B2C3D4E5F6A} = {6C1D2E3F-4A5B-4C6D-9E7F-8A9B0C1D2E3F}
		{3E4F5A6B-7C8D-4E9F-A0B1-2C3D4E5F6A7B} = {6C1D2E3F-4A5B-4C6D-9E7F-8A9B0C1D2E3F}
		{4F5A6B7C-8D9E-4F0A-B1C2-3D4E5F6A7B8C} = {6C1D2E3F-4A5B-4C6D-9E7F-8A9B0C1D2E3F}
		{5A6B7C8D-9EAF-4B1C-A2D3-4E5F6A7B8C9D} = {6C1D2E3F-4A5B-4C6D-9E7F-8A9B0C1D2E3F}
		{6B7C8D9E-AF01-4C2D-B3E4-5F6A7B8C9D0E} = {6C1D2E3F-4A5B-4C6D-9E7F-8A9B0C1D2E3F}
		{7C8D9EAF-0122-4D3E-C4F5-6A7B8C9D0E1F} = {6C1D2E3F-4A5B-4C6D-9E7F-8A9B0C1D2E3F}
		{8D9EAF01-2233-4E4F-D5A6-7B8C9D0E1F2A} = {6C1D2E3F-4A5B-4C6D-9E7F-8A9B0C1D2E3F}
		{9EAF0122-3344-4F5A-E6B7-8C9D0E1F2A3B} = {6C1D2E3F-4A5B-4C6D-9E7F-8A9B0C1D2E3F}
		{A0B1C2D3-4455-4667-B899-9C0D1E2F3A4B} = {B1C2D3E4-5566-4778-C9AA-0D1E2F3A4B5C}
		{E0506004-48ED-4C24-839D-311486D4A66A} = {FB712579-5A95-4F3D-841C-2CB869F3E3D5}
		{555F40B2-7EF7-4076-9C42-1707DE5A932D} = {FB712579-5A95-4F3D-841C-2CB869F3E3D5}
		{FBE2C05E-7AA1-4E4F-9115-C77D774A090E} = {FB712579-5A95-4F3D-841C-2CB869F3E3D5}
		{F37FB404-A386-47C3-A050-838A4A83BD06} = {FB712579-5A95-4F3D-841C-2CB869F3E3D5}
		{6C1D2E3F-4A5B-4C6D-9E7F-8A9B0C1D2E3F} = {FB712579-5A95-4F3D-841C-2CB869F3E3D5}
		{B1C2D3E4-5566-4778-C9AA-0D1E2F3A4B5C} = {FB712579-5A95-4F3D-841C-2CB869F3E3D5}
	EndGlobalSection
	GlobalSection(ExtensibilityGlobals) = postSolution
		SolutionGuid = {44277FC1-023D-4BF6-BAA1-7CD20B3884A9}
	EndGlobalSection
EndGlobal
